# This file is automatically @generated by Cargo.
# It is not intended for manual editing.
version = 3

[[package]]
name = "execution"
version = "0.1.0"
dependencies = [
 "http-server",
 "macro-utilities",
]

[[package]]
name = "http-server"
version = "0.1.0"
dependencies = [
 "macro-utilities",
]

[[package]]
name = "macro-utilities"
version = "0.1.0"
